
Microsoft Visual Studio Solution File, Format Version 12.00
# Visual Studio Version 17
VisualStudioVersion = 17.6.33723.286
MinimumVisualStudioVersion = 10.0.40219.1
Project("{FAE04EC0-301F-11D3-BF4B-00C04F79EFBC}") = "обобщение2", "обобщение2\обобщение2.csproj", "{D0D8148C-A2AB-46F9-BE55-688C00533548}"
EndProject
Global
	GlobalSection(SolutionConfigurationPlatforms) = preSolution
		Debug|Any CPU = Debug|Any CPU
		Release|Any CPU = Release|Any CPU
	EndGlobalSection
	GlobalSection(ProjectConfigurationPlatforms) = postSolution
		{D0D8148C-A2AB-46F9-BE55-688C00533548}.Debug|Any CPU.ActiveCfg = Debug|Any CPU
		{D0D8148C-A2AB-46F9-BE55-688C00533548}.Debug|Any CPU.Build.0 = Debug|Any CPU
		{D0D8148C-A2AB-46F9-BE55-688C00533548}.Release|Any CPU.ActiveCfg = Release|Any CPU
		{D0D8148C-A2AB-46F9-BE55-688C00533548}.Release|Any CPU.Build.0 = Release|Any CPU
	EndGlobalSection
	GlobalSection(SolutionProperties) = preSolution
		HideSolutionNode = FALSE
	EndGlobalSection
	GlobalSection(ExtensibilityGlobals) = postSolution
		SolutionGuid = {E1F7C56C-845D-4462-BC73-9A4F09AAEA39}
	EndGlobalSection
EndGlobal
